
Microsoft Visual Studio Solution File, Format Version 12.00
# Visual Studio 14
VisualStudioVersion = 14.0.24720.0
MinimumVisualStudioVersion = 10.0.40219.1
Project("{8BB2217D-0F2D-49D1-97BC-3654ED321F3B}") = "csharp-ovh", "csharp-ovh\csharp-ovh.xproj", "{AA42BCD7-8E68-4F61-9C86-5C0B13E490FF}"
EndProject
Project("{FAE04EC0-301F-11D3-BF4B-00C04F79EFBC}") = "csharp-ovh-test-suite", "csharp-ovh-test-suite\csharp-ovh-test-suite.csproj", "{E6849313-A85D-432F-8B93-0CB5352D63AD}"
EndProject
Global
	GlobalSection(SolutionConfigurationPlatforms) = preSolution
		Debug|Any CPU = Debug|Any CPU
		Release|Any CPU = Release|Any CPU
	EndGlobalSection
	GlobalSection(ProjectConfigurationPlatforms) = postSolution
		{AA42BCD7-8E68-4F61-9C86-5C0B13E490FF}.Debug|Any CPU.ActiveCfg = Debug|Any CPU
		{AA42BCD7-8E68-4F61-9C86-5C0B13E490FF}.Debug|Any CPU.Build.0 = Debug|Any CPU
		{AA42BCD7-8E68-4F61-9C86-5C0B13E490FF}.Release|Any CPU.ActiveCfg = Release|Any CPU
		{AA42BCD7-8E68-4F61-9C86-5C0B13E490FF}.Release|Any CPU.Build.0 = Release|Any CPU
		{E6849313-A85D-432F-8B93-0CB5352D63AD}.Debug|Any CPU.ActiveCfg = Debug|Any CPU
		{E6849313-A85D-432F-8B93-0CB5352D63AD}.Debug|Any CPU.Build.0 = Debug|Any CPU
		{E6849313-A85D-432F-8B93-0CB5352D63AD}.Release|Any CPU.ActiveCfg = Release|Any CPU
		{E6849313-A85D-432F-8B93-0CB5352D63AD}.Release|Any CPU.Build.0 = Release|Any CPU
	EndGlobalSection
	GlobalSection(SolutionProperties) = preSolution
		HideSolutionNode = FALSE
	EndGlobalSection
EndGlobal
